{
  "version": "4",
  "specifiers": {
    "jsr:@std/assert@1": "1.0.6",
    "jsr:@std/internal@^1.0.4": "1.0.4",
    "npm:@datastructures-js/priority-queue@5.3.0": "5.3.0",
    "npm:chalk@5": "5.3.0"
  },
  "jsr": {
    "@std/assert@1.0.6": {
      "integrity": "1904c05806a25d94fe791d6d883b685c9e2dcd60e4f9fc30f4fc5cf010c72207",
      "dependencies": [
        "jsr:@std/internal"
      ]
    },
    "@std/internal@1.0.4": {
      "integrity": "62e8e4911527e5e4f307741a795c0b0a9e6958d0b3790716ae71ce085f755422"
    }
  },
  "npm": {
    "@datastructures-js/heap@3.2.0": {
      "integrity": "sha512-FcU5ZAyb+VIOZz1HABsJUsbJi2ZyUDO7aoe97hq4d3tK3z8nMgwdxf5bO0gafR0ExFi18YTspntqHLzt4XOgnA=="
    },
    "@datastructures-js/priority-queue@5.3.0": {
      "integrity": "sha512-0Dl0UooE9Uzz85qBP46HTjQHS5GN7NMNluN5/nMfxQAndG/1eNBJpBntLGT5QJarvMO3poLNBJzA3S4GPajp+w==",
      "dependencies": [
        "@datastructures-js/heap"
      ]
    },
    "chalk@5.3.0": {
      "integrity": "sha512-dLitG79d+GV1Nb/VYcCDFivJeK1hiukt9QjRNVOsUtTy1rR1YJsmpGGTZ3qJos+uw7WmWF4wUwBd9jxjocFC2w=="
    }
  },
  "workspace": {
    "dependencies": [
      "jsr:@std/assert@1",
      "npm:@datastructures-js/priority-queue@5.3.0",
      "npm:chalk@5"
    ]
  }
}
